
Microsoft Visual Studio Solution File, Format Version 12.00
# Visual Studio Version 17
VisualStudioVersion = 17.1.32319.34
MinimumVisualStudioVersion = 10.0.40219.1
Project("{FAE04EC0-301F-11D3-BF4B-00C04F79EFBC}") = "SignalRChatApp", "SignalRChatApp\SignalRChatApp.csproj", "{07E759C6-78E3-4395-9684-203DF790B4D4}"
EndProject
Global
	GlobalSection(SolutionConfigurationPlatforms) = preSolution
		Debug|Any CPU = Debug|Any CPU
		Release|Any CPU = Release|Any CPU
	EndGlobalSection
	GlobalSection(ProjectConfigurationPlatforms) = postSolution
		{07E759C6-78E3-4395-9684-203DF790B4D4}.Debug|Any CPU.ActiveCfg = Debug|Any CPU
		{07E759C6-78E3-4395-9684-203DF790B4D4}.Debug|Any CPU.Build.0 = Debug|Any CPU
		{07E759C6-78E3-4395-9684-203DF790B4D4}.Release|Any CPU.ActiveCfg = Release|Any CPU
		{07E759C6-78E3-4395-9684-203DF790B4D4}.Release|Any CPU.Build.0 = Release|Any CPU
	EndGlobalSection
	GlobalSection(SolutionProperties) = preSolution
		HideSolutionNode = FALSE
	EndGlobalSection
	GlobalSection(ExtensibilityGlobals) = postSolution
		SolutionGuid = {9E072B23-AC06-4700-A8D4-6A4B8973917E}
	EndGlobalSection
EndGlobal
